{
  "name": "@jeeves/cooking",
  "version": "0.1.0",
  "lockfileVersion": 1,
  "requires": true,
  "dependencies": {
    "@types/node": {
      "version": "10.12.21"
    },
    "typeface-raleway": {
      "version": "0.0.54",
      "resolved": "https://registry.npmjs.org/typeface-raleway/-/typeface-raleway-0.0.54.tgz",
      "integrity": "sha512-oilrvv0fV+z4eYvfTAl6t9Oq1mE/ZrLDPM71TrcAtqyVb0QzAJ6hQBS+FQcYdHxK2LGQE+gloQUPtwgY2I7WxA=="
    }
  }
}
